
Microsoft Visual Studio Solution File, Format Version 12.00
# Visual Studio 15
VisualStudioVersion = 15.0.27130.2036
MinimumVisualStudioVersion = 10.0.40219.1
Project("{FAE04EC0-301F-11D3-BF4B-00C04F79EFBC}") = "ConsoleApp1", "ConsoleApp1\ConsoleApp1.csproj", "{338B8708-8E8C-4700-8CCA-A12B5FB03FCD}"
EndProject
Project("{2150E333-8FDC-42A3-9474-1A3956D46DE8}") = "Solution Items", "Solution Items", "{D3F839FD-B227-4E3D-AB6B-14921D7A1F54}"
	ProjectSection(SolutionItems) = preProject
		Class1.cs = Class1.cs
	EndProjectSection
EndProject
Global
	GlobalSection(SolutionConfigurationPlatforms) = preSolution
		Debug|Any CPU = Debug|Any CPU
		Release|Any CPU = Release|Any CPU
	EndGlobalSection
	GlobalSection(ProjectConfigurationPlatforms) = postSolution
		{338B8708-8E8C-4700-8CCA-A12B5FB03FCD}.Debug|Any CPU.ActiveCfg = Debug|Any CPU
		{338B8708-8E8C-4700-8CCA-A12B5FB03FCD}.Debug|Any CPU.Build.0 = Debug|Any CPU
		{338B8708-8E8C-4700-8CCA-A12B5FB03FCD}.Release|Any CPU.ActiveCfg = Release|Any CPU
		{338B8708-8E8C-4700-8CCA-A12B5FB03FCD}.Release|Any CPU.Build.0 = Release|Any CPU
	EndGlobalSection
	GlobalSection(SolutionProperties) = preSolution
		HideSolutionNode = FALSE
	EndGlobalSection
	GlobalSection(ExtensibilityGlobals) = postSolution
		SolutionGuid = {6B1C36B0-2F28-4189-820F-DDB08A57A83B}
	EndGlobalSection
EndGlobal
